
Microsoft Visual Studio Solution File, Format Version 12.00
# Visual Studio 2012
Project("{FAE04EC0-301F-11D3-BF4B-00C04F79EFBC}") = "AutoNovelMover", "AutoNovelMover\AutoNovelMover.csproj", "{63CC7F8A-F41F-42BF-9DF7-3DD8C2A86BC9}"
EndProject
Global
	GlobalSection(SolutionConfigurationPlatforms) = preSolution
		Debug|Any CPU = Debug|Any CPU
		Release|Any CPU = Release|Any CPU
	EndGlobalSection
	GlobalSection(ProjectConfigurationPlatforms) = postSolution
		{63CC7F8A-F41F-42BF-9DF7-3DD8C2A86BC9}.Debug|Any CPU.ActiveCfg = Debug|Any CPU
		{63CC7F8A-F41F-42BF-9DF7-3DD8C2A86BC9}.Debug|Any CPU.Build.0 = Debug|Any CPU
		{63CC7F8A-F41F-42BF-9DF7-3DD8C2A86BC9}.Release|Any CPU.ActiveCfg = Release|Any CPU
		{63CC7F8A-F41F-42BF-9DF7-3DD8C2A86BC9}.Release|Any CPU.Build.0 = Release|Any CPU
	EndGlobalSection
	GlobalSection(SolutionProperties) = preSolution
		HideSolutionNode = FALSE
	EndGlobalSection
EndGlobal
